PODS:
  - ScrollableGraphView (4.0.6)
  - Starscream (4.0.4)

DEPENDENCIES:
  - ScrollableGraphView
  - Starscream (~> 4.0.0)

SPEC REPOS:
  trunk:
    - ScrollableGraphView
    - Starscream

SPEC CHECKSUMS:
  ScrollableGraphView: 4af35d4ea9ecdec665d34a74da51da161ddff8ac
  Starscream: 5178aed56b316f13fa3bc55694e583d35dd414d9

PODFILE CHECKSUM: faf7588dbff309f6daaefedf04ccde8e47d1fad6

COCOAPODS: 1.11.2
